version = 1
revision = 3
requires-python = ">=3.10"

[[package]]
name = "humphrey"
version = "2025.0"
source = { editable = "." }

[package.dev-dependencies]
dev = [
    { name = "ruff" },
    { name = "ty" },
    { name = "uv-build" },
]

[package.metadata]

[package.metadata.requires-dev]
dev = [
    { name = "ruff", specifier = ">=0.14.11" },
    { name = "ty", specifier = ">=0.0.10" },
    { name = "uv-build", specifier = ">=0.9.22" },
]

[[package]]
name = "ruff"
version = "0.14.11"
source = { registry = "https://pypi.org/simple" }
sdist = { url = "https://files.pythonhosted.org/packages/d4/77/9a7fe084d268f8855d493e5031ea03fa0af8cc05887f638bf1c4e3363eb8/ruff-0.14.11.tar.gz", hash = "sha256:f6dc463bfa5c07a59b1ff2c3b9767373e541346ea105503b4c0369c520a66958", size = 5993417, upload-time = "2026-01-08T19:11:58.322Z" }
wheels = [
    { url = "https://files.pythonhosted.org/packages/f0/a6/a4c40a5aaa7e331f245d2dc1ac8ece306681f52b636b40ef87c88b9f7afd/ruff-0.14.11-py3-none-linux_armv6l.whl", hash = "sha256:f6ff2d95cbd335841a7217bdfd9c1d2e44eac2c584197ab1385579d55ff8830e", size = 12951208, upload-time = "2026-01-08T19:12:09.218Z" },
    { url = "https://files.pythonhosted.org/packages/5c/5c/360a35cb7204b328b685d3129c08aca24765ff92b5a7efedbdd6c150d555/ruff-0.14.11-py3-none-macosx_10_12_x86_64.whl", hash = "sha256:6f6eb5c1c8033680f4172ea9c8d3706c156223010b8b97b05e82c59bdc774ee6", size = 13330075, upload-time = "2026-01-08T19:12:02.549Z" },
    { url = "https://files.pythonhosted.org/packages/1b/9e/0cc2f1be7a7d33cae541824cf3f95b4ff40d03557b575912b5b70273c9ec/ruff-0.14.11-py3-none-macosx_11_0_arm64.whl", hash = "sha256:f2fc34cc896f90080fca01259f96c566f74069a04b25b6205d55379d12a6855e", size = 12257809, upload-time = "2026-01-08T19:12:00.366Z" },
    { url = "https://files.pythonhosted.org/packages/a7/e5/5faab97c15bb75228d9f74637e775d26ac703cc2b4898564c01ab3637c02/ruff-0.14.11-py3-none-manylinux_2_17_aarch64.manylinux2014_aarch64.whl", hash = "sha256:53386375001773ae812b43205d6064dae49ff0968774e6befe16a994fc233caa", size = 12678447, upload-time = "2026-01-08T19:12:13.899Z" },
    { url = "https://files.pythonhosted.org/packages/1b/33/e9767f60a2bef779fb5855cab0af76c488e0ce90f7bb7b8a45c8a2ba4178/ruff-0.14.11-py3-none-manylinux_2_17_armv7l.manylinux2014_armv7l.whl", hash = "sha256:a697737dce1ca97a0a55b5ff0434ee7205943d4874d638fe3ae66166ff46edbe", size = 12758560, upload-time = "2026-01-08T19:11:42.55Z" },
    { url = "https://files.pythonhosted.org/packages/eb/84/4c6cf627a21462bb5102f7be2a320b084228ff26e105510cd2255ea868e5/ruff-0.14.11-py3-none-manylinux_2_17_i686.manylinux2014_i686.whl", hash = "sha256:6845ca1da8ab81ab1dce755a32ad13f1db72e7fba27c486d5d90d65e04d17b8f", size = 13599296, upload-time = "2026-01-08T19:11:30.371Z" },
    { url = "https://files.pythonhosted.org/packages/88/e1/92b5ed7ea66d849f6157e695dc23d5d6d982bd6aa8d077895652c38a7cae/ruff-0.14.11-py3-none-manylinux_2_17_ppc64.manylinux2014_ppc64.whl", hash = "sha256:e36ce2fd31b54065ec6f76cb08d60159e1b32bdf08507862e32f47e6dde8bcbf", size = 15048981, upload-time = "2026-01-08T19:12:04.742Z" },
    { url = "https://files.pythonhosted.org/packages/61/df/c1bd30992615ac17c2fb64b8a7376ca22c04a70555b5d05b8f717163cf9f/ruff-0.14.11-py3-none-manylinux_2_17_ppc64le.manylinux2014_ppc64le.whl", hash = "sha256:590bcc0e2097ecf74e62a5c10a6b71f008ad82eb97b0a0079e85defe19fe74d9", size = 14633183, upload-time = "2026-01-08T19:11:40.069Z" },
    { url = "https://files.pythonhosted.org/packages/04/e9/fe552902f25013dd28a5428a42347d9ad20c4b534834a325a28305747d64/ruff-0.14.11-py3-none-manylinux_2_17_s390x.manylinux2014_s390x.whl", hash = "sha256:53fe71125fc158210d57fe4da26e622c9c294022988d08d9347ec1cf782adafe", size = 14050453, upload-time = "2026-01-08T19:11:37.555Z" },
    { url = "https://files.pythonhosted.org/packages/ae/93/f36d89fa021543187f98991609ce6e47e24f35f008dfe1af01379d248a41/ruff-0.14.11-py3-none-manylinux_2_17_x86_64.manylinux2014_x86_64.whl", hash = "sha256:a35c9da08562f1598ded8470fcfef2afb5cf881996e6c0a502ceb61f4bc9c8a3", size = 13757889, upload-time = "2026-01-08T19:12:07.094Z" },
    { url = "https://files.pythonhosted.org/packages/b7/9f/c7fb6ecf554f28709a6a1f2a7f74750d400979e8cd47ed29feeaa1bd4db8/ruff-0.14.11-py3-none-manylinux_2_31_riscv64.whl", hash = "sha256:0f3727189a52179393ecf92ec7057c2210203e6af2676f08d92140d3e1ee72c1", size = 13955832, upload-time = "2026-01-08T19:11:55.064Z" },
    { url = "https://files.pythonhosted.org/packages/db/a0/153315310f250f76900a98278cf878c64dfb6d044e184491dd3289796734/ruff-0.14.11-py3-none-musllinux_1_2_aarch64.whl", hash = "sha256:eb09f849bd37147a789b85995ff734a6c4a095bed5fd1608c4f56afc3634cde2", size = 12586522, upload-time = "2026-01-08T19:11:35.356Z" },
    { url = "https://files.pythonhosted.org/packages/2f/2b/a73a2b6e6d2df1d74bf2b78098be1572191e54bec0e59e29382d13c3adc5/ruff-0.14.11-py3-none-musllinux_1_2_armv7l.whl", hash = "sha256:c61782543c1231bf71041461c1f28c64b961d457d0f238ac388e2ab173d7ecb7", size = 12724637, upload-time = "2026-01-08T19:11:47.796Z" },
    { url = "https://files.pythonhosted.org/packages/f0/41/09100590320394401cd3c48fc718a8ba71c7ddb1ffd07e0ad6576b3a3df2/ruff-0.14.11-py3-none-musllinux_1_2_i686.whl", hash = "sha256:82ff352ea68fb6766140381748e1f67f83c39860b6446966cff48a315c3e2491", size = 13145837, upload-time = "2026-01-08T19:11:32.87Z" },
    { url = "https://files.pythonhosted.org/packages/3b/d8/e035db859d1d3edf909381eb8ff3e89a672d6572e9454093538fe6f164b0/ruff-0.14.11-py3-none-musllinux_1_2_x86_64.whl", hash = "sha256:728e56879df4ca5b62a9dde2dd0eb0edda2a55160c0ea28c4025f18c03f86984", size = 13850469, upload-time = "2026-01-08T19:12:11.694Z" },
    { url = "https://files.pythonhosted.org/packages/4e/02/bb3ff8b6e6d02ce9e3740f4c17dfbbfb55f34c789c139e9cd91985f356c7/ruff-0.14.11-py3-none-win32.whl", hash = "sha256:337c5dd11f16ee52ae217757d9b82a26400be7efac883e9e852646f1557ed841", size = 12851094, upload-time = "2026-01-08T19:11:45.163Z" },
    { url = "https://files.pythonhosted.org/packages/58/f1/90ddc533918d3a2ad628bc3044cdfc094949e6d4b929220c3f0eb8a1c998/ruff-0.14.11-py3-none-win_amd64.whl", hash = "sha256:f981cea63d08456b2c070e64b79cb62f951aa1305282974d4d5216e6e0178ae6", size = 14001379, upload-time = "2026-01-08T19:11:52.591Z" },
    { url = "https://files.pythonhosted.org/packages/c4/1c/1dbe51782c0e1e9cfce1d1004752672d2d4629ea46945d19d731ad772b3b/ruff-0.14.11-py3-none-win_arm64.whl", hash = "sha256:649fb6c9edd7f751db276ef42df1f3df41c38d67d199570ae2a7bd6cbc3590f0", size = 12938644, upload-time = "2026-01-08T19:11:50.027Z" },
]

[[package]]
name = "ty"
version = "0.0.10"
source = { registry = "https://pypi.org/simple" }
sdist = { url = "https://files.pythonhosted.org/packages/b7/85/97b5276baa217e05db2fe3d5c61e4dfd35d1d3d0ec95bfca1986820114e0/ty-0.0.10.tar.gz", hash = "sha256:0a1f9f7577e56cd508a8f93d0be2a502fdf33de6a7d65a328a4c80b784f4ac5f", size = 4892892, upload-time = "2026-01-07T23:00:23.572Z" }
wheels = [
    { url = "https://files.pythonhosted.org/packages/0c/7a/5a7147ce5231c3ccc55d6f945dabd7412e233e755d28093bfdec988ba595/ty-0.0.10-py3-none-linux_armv6l.whl", hash = "sha256:406a8ea4e648551f885629b75dc3f070427de6ed099af45e52051d4c68224829", size = 9835881, upload-time = "2026-01-07T22:08:17.492Z" },
    { url = "https://files.pythonhosted.org/packages/3e/7d/89f4d2277c938332d047237b47b11b82a330dbff4fff0de8574cba992128/ty-0.0.10-py3-none-macosx_10_12_x86_64.whl", hash = "sha256:d6e0a733e3d6d3bce56d6766bc61923e8b130241088dc2c05e3c549487190096", size = 9696404, upload-time = "2026-01-07T22:08:37.965Z" },
    { url = "https://files.pythonhosted.org/packages/e8/cd/9dd49e6d40e54d4b7d563f9e2a432c4ec002c0673a81266e269c4bc194ce/ty-0.0.10-py3-none-macosx_11_0_arm64.whl", hash = "sha256:e4832f8879cb95fc725f7e7fcab4f22be0cf2550f3a50641d5f4409ee04176d4", size = 9181195, upload-time = "2026-01-07T22:59:07.187Z" },
    { url = "https://files.pythonhosted.org/packages/d2/b8/3e7c556654ba0569ed5207138d318faf8633d87e194760fc030543817c26/ty-0.0.10-py3-none-manylinux_2_24_aarch64.whl", hash = "sha256:6b58cc78e5865bc908f053559a80bb77cab0dc168aaad2e88f2b47955694b138", size = 9665002, upload-time = "2026-01-07T22:08:30.782Z" },
    { url = "https://files.pythonhosted.org/packages/98/96/410a483321406c932c4e3aa1581d1072b72cdcde3ae83cd0664a65c7b254/ty-0.0.10-py3-none-manylinux_2_24_armv7l.whl", hash = "sha256:83c6a514bb86f05005fa93e3b173ae3fde94d291d994bed6fe1f1d2e5c7331cf", size = 9664948, upload-time = "2026-01-07T23:04:14.655Z" },
    { url = "https://files.pythonhosted.org/packages/1f/5d/cba2ab3e2f660763a72ad12620d0739db012e047eaa0ceaa252bf5e94ebb/ty-0.0.10-py3-none-manylinux_2_24_i686.whl", hash = "sha256:2e43f71e357f8a4f7fc75e4753b37beb2d0f297498055b1673a9306aa3e21897", size = 10125401, upload-time = "2026-01-07T22:08:28.171Z" },
    { url = "https://files.pythonhosted.org/packages/a7/67/29536e0d97f204a2933122239298e754db4564f4ed7f34e2153012b954be/ty-0.0.10-py3-none-manylinux_2_24_ppc64le.whl", hash = "sha256:18be3c679965c23944c8e574be0635504398c64c55f3f0c46259464e10c0a1c7", size = 10714052, upload-time = "2026-01-07T22:08:20.098Z" },
    { url = "https://files.pythonhosted.org/packages/63/c8/82ac83b79a71c940c5dcacb644f526f0c8fdf4b5e9664065ab7ee7c0e4ec/ty-0.0.10-py3-none-manylinux_2_24_s390x.whl", hash = "sha256:5477981681440a35acdf9b95c3097410c547abaa32b893f61553dbc3b0096fff", size = 10395924, upload-time = "2026-01-07T22:08:22.839Z" },
    { url = "https://files.pythonhosted.org/packages/9e/4c/2f9ac5edbd0e67bf82f5cd04275c4e87cbbf69a78f43e5dcf90c1573d44e/ty-0.0.10-py3-none-manylinux_2_24_x86_64.whl", hash = "sha256:e206a23bd887574302138b33383ae1edfcc39d33a06a12a5a00803b3f0287a45", size = 10220096, upload-time = "2026-01-07T22:08:13.171Z" },
    { url = "https://files.pythonhosted.org/packages/04/13/3be2b7bfd53b9952b39b6f2c2ef55edeb1a2fea3bf0285962736ee26731c/ty-0.0.10-py3-none-musllinux_1_2_aarch64.whl", hash = "sha256:4e09ddb0d3396bd59f645b85eab20f9a72989aa8b736b34338dcb5ffecfe77b6", size = 9649120, upload-time = "2026-01-07T22:08:34.003Z" },
    { url = "https://files.pythonhosted.org/packages/93/e3/edd58547d9fd01e4e584cec9dced4f6f283506b422cdd953e946f6a8e9f0/ty-0.0.10-py3-none-musllinux_1_2_armv7l.whl", hash = "sha256:139d2a741579ad86a044233b5d7e189bb81f427eebce3464202f49c3ec0eba3b", size = 9686033, upload-time = "2026-01-07T22:08:40.967Z" },
    { url = "https://files.pythonhosted.org/packages/cc/bc/9d2f5fec925977446d577fb9b322d0e7b1b1758709f23a6cfc10231e9b84/ty-0.0.10-py3-none-musllinux_1_2_i686.whl", hash = "sha256:6bae10420c0abfe4601fbbc6ce637b67d0b87a44fa520283131a26da98f2e74c", size = 9841905, upload-time = "2026-01-07T23:04:21.694Z" },
    { url = "https://files.pythonhosted.org/packages/7c/b8/5acd3492b6a4ef255ace24fcff0d4b1471a05b7f3758d8910a681543f899/ty-0.0.10-py3-none-musllinux_1_2_x86_64.whl", hash = "sha256:7358bbc5d037b9c59c3a48895206058bcd583985316c4125a74dd87fd1767adb", size = 10320058, upload-time = "2026-01-07T22:08:25.645Z" },
    { url = "https://files.pythonhosted.org/packages/35/67/5b6906fccef654c7e801d6ac8dcbe0d493e1f04c38127f82a5e6d7e0aa0e/ty-0.0.10-py3-none-win32.whl", hash = "sha256:f51b6fd485bc695d0fdf555e69e6a87d1c50f14daef6cb980c9c941e12d6bcba", size = 9271806, upload-time = "2026-01-07T22:08:10.08Z" },
    { url = "https://files.pythonhosted.org/packages/42/36/82e66b9753a76964d26fd9bc3514ea0abce0a5ba5ad7d5f084070c6981da/ty-0.0.10-py3-none-win_amd64.whl", hash = "sha256:16deb77a72cf93b89b4d29577829613eda535fbe030513dfd9fba70fe38bc9f5", size = 10130520, upload-time = "2026-01-07T23:04:11.759Z" },
    { url = "https://files.pythonhosted.org/packages/63/52/89da123f370e80b587d2db8551ff31562c882d87b32b0e92b59504b709ae/ty-0.0.10-py3-none-win_arm64.whl", hash = "sha256:7495288bca7afba9a4488c9906466d648ffd3ccb6902bc3578a6dbd91a8f05f0", size = 9626026, upload-time = "2026-01-07T23:04:17.91Z" },
]

[[package]]
name = "uv-build"
version = "0.9.22"
source = { registry = "https://pypi.org/simple" }
sdist = { url = "https://files.pythonhosted.org/packages/5e/6c/c7f7bfb3fcf8f594852fd09e7fef889a64738e6d884cfe10cf2ee8db1f63/uv_build-0.9.22.tar.gz", hash = "sha256:f10f1096b47a82185bba1e8cda2fec60c20162b085b96963aff705ef741551c6", size = 357175, upload-time = "2026-01-06T10:49:16.603Z" }
wheels = [
    { url = "https://files.pythonhosted.org/packages/d1/48/98e559e839d3523b8614227e08a0a6a810df41791e1f03d87a4ca78f1c4b/uv_build-0.9.22-py3-none-linux_armv6l.whl", hash = "sha256:4a4c3a265972ffa447f72e9168f5a725f2a63916f715fad5f51d90de76c009ae", size = 1398875, upload-time = "2026-01-06T10:49:22.785Z" },
    { url = "https://files.pythonhosted.org/packages/b5/02/658889a54a66b53f056cc83bc4e0238bb367166fc1bd245bbce655b99630/uv_build-0.9.22-py3-none-macosx_10_12_x86_64.whl", hash = "sha256:c54e75c3267ed22bd3d87a90e5548949653ecae2748649376fd68f11057b7950", size = 1376561, upload-time = "2026-01-06T10:49:17.594Z" },
    { url = "https://files.pythonhosted.org/packages/a3/7f/8227b441b6a586a1f878a675728e8c42480f9582ee89aee1d85849e4121d/uv_build-0.9.22-py3-none-macosx_11_0_arm64.whl", hash = "sha256:edbf48cda77b1d4b54e2e110662978d8dd45b1877d498716474fc384686cac0d", size = 1252507, upload-time = "2026-01-06T10:49:30.857Z" },
    { url = "https://files.pythonhosted.org/packages/27/c9/250fc58d0adddc9d54238b724ede896c0c9b2ba462a6e60bc87d6c3a3b56/uv_build-0.9.22-py3-none-manylinux_2_17_aarch64.manylinux2014_aarch64.musllinux_1_1_aarch64.whl", hash = "sha256:70be8710988ef2cae16216461b8ecfc4936f8517454a000f1ab0c8a0b18440db", size = 1448971, upload-time = "2026-01-06T10:49:32.533Z" },
    { url = "https://files.pythonhosted.org/packages/e3/04/4a26497e0c58f2e5aaa87467150e46483f9e89651937c830aba69942e3e5/uv_build-0.9.22-py3-none-manylinux_2_17_armv7l.manylinux2014_armv7l.whl", hash = "sha256:588e480a0df95ef64f57e4db5cd51984b599fcf20af8546d063a27fe94092745", size = 1360775, upload-time = "2026-01-06T10:49:19.156Z" },
    { url = "https://files.pythonhosted.org/packages/6a/2b/334306666d63bb8d7d10d0311d19c6187abee164138f41eb80c91587a77f/uv_build-0.9.22-py3-none-manylinux_2_17_i686.manylinux2014_i686.whl", hash = "sha256:3c9002cf77c672897c3a77003f62601f351272a2da85e7bec476a2f3df9ec7d6", size = 1515889, upload-time = "2026-01-06T10:49:33.893Z" },
    { url = "https://files.pythonhosted.org/packages/ae/bc/f26241bd53f5f9ad24c534fe29187fded531aa6adc5895822e2631cf6dee/uv_build-0.9.22-py3-none-manylinux_2_17_ppc64.manylinux2014_ppc64.whl", hash = "sha256:32e89a15c51b8d4a5d32cbe0494cd1af43f27bbbc5bbca7b998e57f789310459", size = 1680967, upload-time = "2026-01-06T10:49:29.523Z" },
    { url = "https://files.pythonhosted.org/packages/5d/fb/44a801d79d6dd07fe75390ee51e50970ccf2fd56adb5be96167460630840/uv_build-0.9.22-py3-none-manylinux_2_17_ppc64le.manylinux2014_ppc64le.whl", hash = "sha256:599dfed2f60c1e9df8cde5fd0be3ca0002f4e72627cf0cfda5d5ac4865963d2b", size = 1572811, upload-time = "2026-01-06T10:49:37.506Z" },
    { url = "https://files.pythonhosted.org/packages/6c/cc/7f3136c49ffede868d1b30ac62ed07a9bcf0e9f7a6fe3f77624f089fbff2/uv_build-0.9.22-py3-none-manylinux_2_17_s390x.manylinux2014_s390x.whl", hash = "sha256:bebc98f8960aeca60677444aea92a66901665903b98d179ca3383b920964021f", size = 1515889, upload-time = "2026-01-06T10:49:24.438Z" },
    { url = "https://files.pythonhosted.org/packages/47/63/a54216fedf501314db0fd948a757b962840282adbe8370f9b21ab818c6cd/uv_build-0.9.22-py3-none-manylinux_2_17_x86_64.manylinux2014_x86_64.whl", hash = "sha256:9b017549193b3f62880f00e46ee7b5e2e5e3c44e3e3e65e44338d5cbfcdd5988", size = 1491003, upload-time = "2026-01-06T10:49:27.56Z" },
    { url = "https://files.pythonhosted.org/packages/fa/48/ba2da506209d7524c51afcccbef4adacc228bf0fec2d4a583702e483e271/uv_build-0.9.22-py3-none-manylinux_2_28_aarch64.whl", hash = "sha256:ac2dd69896505592b7f5d028f784205f4162bc450c14fcc6924918c6282b7069", size = 1449564, upload-time = "2026-01-06T10:49:21.25Z" },
    { url = "https://files.pythonhosted.org/packages/d3/2d/9997db0008c6c35e61ba25ec89bdb3e4b179c4a598c934b41f07b5756d95/uv_build-0.9.22-py3-none-manylinux_2_31_riscv64.whl", hash = "sha256:f50feb2475f0d44229cdf7556730a94ee0f208ad854952804c123af5e503d206", size = 1464097, upload-time = "2026-01-06T10:49:12.763Z" },
    { url = "https://files.pythonhosted.org/packages/f0/2d/27bc195f0ce1b5d6dc5edd1b65e7ed67f45143bebdbdeaa03f115977a800/uv_build-0.9.22-py3-none-musllinux_1_1_armv7l.whl", hash = "sha256:60ec694daeb84122eb16ffb39207e606dda5435c163b443f0dece4cd12b55a1c", size = 1381615, upload-time = "2026-01-06T10:49:35.911Z" },
    { url = "https://files.pythonhosted.org/packages/45/36/c2538838687e58c86f4a57ee8e824e275dbfc00de8d261a826c067591613/uv_build-0.9.22-py3-none-musllinux_1_1_i686.whl", hash = "sha256:c20e03479ec2cb8e041c3164db55aa956f3a47786ab2ca2c2feea0739f33b2d2", size = 1475379, upload-time = "2026-01-06T10:49:39.564Z" },
    { url = "https://files.pythonhosted.org/packages/d5/59/6c0a49cece40cfcda5b65a0f224ad0c6bf099bc85369143311be7f5f138f/uv_build-0.9.22-py3-none-musllinux_1_1_x86_64.whl", hash = "sha256:d43980aa50a9695055f2cd0c864b6a60a98d6827f75c644baf5ea764ce8a4687", size = 1549356, upload-time = "2026-01-06T10:49:14.137Z" },
    { url = "https://files.pythonhosted.org/packages/b8/63/e8f58f9afaf17038e93c84a026f7b2e161985a9a7fa0c77eabe27cc318d6/uv_build-0.9.22-py3-none-win32.whl", hash = "sha256:617ff66dc8d18f1a66a13c9360da4b9ea65899a50d3b8198c449af980e9b504d", size = 1336958, upload-time = "2026-01-06T10:49:25.796Z" },
    { url = "https://files.pythonhosted.org/packages/f6/8a/69b8cd520f1967998f13993314c11b5879c9705b168ae99b588bbfa82131/uv_build-0.9.22-py3-none-win_amd64.whl", hash = "sha256:2a2675a5e92ce515858c324cc1ca22b29ecc1fee5881999d8aacc9ca5a63376e", size = 1418345, upload-time = "2026-01-06T10:49:15.5Z" },
    { url = "https://files.pythonhosted.org/packages/be/3e/a50a0a90c1c10afc550599a43a8b97f3e9af3c77ecf58d45a4c1e841f9d9/uv_build-0.9.22-py3-none-win_arm64.whl", hash = "sha256:56a853a9efad29cc64b321751fddbbe7330b3e49dd3455e668373c4a24f3d829", size = 1328934, upload-time = "2026-01-06T10:49:09.355Z" },
]
