version = 1
revision = 3
requires-python = ">=3.10"

[[package]]
name = "humphrey"
version = "2026.0"
source = { editable = "." }

[package.dev-dependencies]
dev = [
    { name = "ruff" },
    { name = "ty" },
    { name = "uv-build" },
]

[package.metadata]

[package.metadata.requires-dev]
dev = [
    { name = "ruff", specifier = ">=0.14.11" },
    { name = "ty", specifier = ">=0.0.10" },
    { name = "uv-build", specifier = ">=0.9.22" },
]

[[package]]
name = "ruff"
version = "0.15.12"
source = { registry = "https://pypi.org/simple" }
sdist = { url = "https://files.pythonhosted.org/packages/99/43/3291f1cc9106f4c63bdce7a8d0df5047fe8422a75b091c16b5e9355e0b11/ruff-0.15.12.tar.gz", hash = "sha256:ecea26adb26b4232c0c2ca19ccbc0083a68344180bba2a600605538ce51a40a6", size = 4643852, upload-time = "2026-04-24T18:17:14.305Z" }
wheels = [
    { url = "https://files.pythonhosted.org/packages/c3/6e/e78ffb61d4686f3d96ba3df2c801161843746dcbcbb17a1e927d4829312b/ruff-0.15.12-py3-none-linux_armv6l.whl", hash = "sha256:f86f176e188e94d6bdbc09f09bfd9dc729059ad93d0e7390b5a73efe19f8861c", size = 10640713, upload-time = "2026-04-24T18:17:22.841Z" },
    { url = "https://files.pythonhosted.org/packages/ae/08/a317bc231fb9e7b93e4ef3089501e51922ff88d6936ce5cf870c4fe55419/ruff-0.15.12-py3-none-macosx_10_12_x86_64.whl", hash = "sha256:e3bcd123364c3770b8e1b7baaf343cc99a35f197c5c6e8af79015c666c423a6c", size = 11069267, upload-time = "2026-04-24T18:17:30.105Z" },
    { url = "https://files.pythonhosted.org/packages/aa/a4/f828e9718d3dce1f5f11c39c4f65afd32783c8b2aebb2e3d259e492c47bd/ruff-0.15.12-py3-none-macosx_11_0_arm64.whl", hash = "sha256:fe87510d000220aa1ed530d4448a7c696a0cae1213e5ec30e5874287b66557b5", size = 10397182, upload-time = "2026-04-24T18:17:07.177Z" },
    { url = "https://files.pythonhosted.org/packages/71/e0/3310fc6d1b5e1fdea22bf3b1b807c7e187b581021b0d7d4514cccdb5fb71/ruff-0.15.12-py3-none-manylinux_2_17_aarch64.manylinux2014_aarch64.whl", hash = "sha256:84a1630093121375a3e2a95b4a6dc7b59e2b4ee76216e32d81aae550a832d002", size = 10758012, upload-time = "2026-04-24T18:16:55.759Z" },
    { url = "https://files.pythonhosted.org/packages/11/c1/a606911aee04c324ddaa883ae418f3569792fd3c4a10c50e0dd0a2311e1e/ruff-0.15.12-py3-none-manylinux_2_17_armv7l.manylinux2014_armv7l.whl", hash = "sha256:fb129f40f114f089ebe0ca56c0d251cf2061b17651d464bb6478dc01e69f11f5", size = 10447479, upload-time = "2026-04-24T18:16:51.677Z" },
    { url = "https://files.pythonhosted.org/packages/9d/68/4201e8444f0894f21ab4aeeaee68aa4f10b51613514a20d80bd628d57e88/ruff-0.15.12-py3-none-manylinux_2_17_i686.manylinux2014_i686.whl", hash = "sha256:b0c862b172d695db7598426b8af465e7e9ac00a3ea2a3630ee67eb82e366aaa6", size = 11234040, upload-time = "2026-04-24T18:17:16.529Z" },
    { url = "https://files.pythonhosted.org/packages/34/ff/8a6d6cf4ccc23fd67060874e832c18919d1557a0611ebef03fdb01fff11e/ruff-0.15.12-py3-none-manylinux_2_17_ppc64le.manylinux2014_ppc64le.whl", hash = "sha256:2849ea9f3484c3aca43a82f484210370319e7170df4dfe4843395ddf6c57bc33", size = 12087377, upload-time = "2026-04-24T18:17:04.944Z" },
    { url = "https://files.pythonhosted.org/packages/85/f6/c669cf73f5152f623d34e69866a46d5e6185816b19fcd5b6dd8a2d299922/ruff-0.15.12-py3-none-manylinux_2_17_s390x.manylinux2014_s390x.whl", hash = "sha256:9e77c7e51c07fe396826d5969a5b846d9cd4c402535835fb6e21ce8b28fef847", size = 11367784, upload-time = "2026-04-24T18:17:25.409Z" },
    { url = "https://files.pythonhosted.org/packages/e8/39/c61d193b8a1daaa8977f7dea9e8d8ba866e02ea7b65d32f6861693aa4c12/ruff-0.15.12-py3-none-manylinux_2_17_x86_64.manylinux2014_x86_64.whl", hash = "sha256:83b2f4f2f3b1026b5fb449b467d9264bf22067b600f7b6f41fc5958909f449d0", size = 11344088, upload-time = "2026-04-24T18:17:12.258Z" },
    { url = "https://files.pythonhosted.org/packages/c2/8d/49afab3645e31e12c590acb6d3b5b69d7aab5b81926dbaf7461f9441f37a/ruff-0.15.12-py3-none-manylinux_2_31_riscv64.whl", hash = "sha256:9ba3b8f1afd7e2e43d8943e55f249e13f9682fde09711644a6e7290eb4f3e339", size = 11271770, upload-time = "2026-04-24T18:17:02.457Z" },
    { url = "https://files.pythonhosted.org/packages/46/06/33f41fe94403e2b755481cdfb9b7ef3e4e0ed031c4581124658d935d52b4/ruff-0.15.12-py3-none-musllinux_1_2_aarch64.whl", hash = "sha256:e852ba9fdc890655e1d78f2df1499efbe0e54126bd405362154a75e2bde159c5", size = 10719355, upload-time = "2026-04-24T18:17:27.648Z" },
    { url = "https://files.pythonhosted.org/packages/0d/59/18aa4e014debbf559670e4048e39260a85c7fcee84acfd761ac01e7b8d35/ruff-0.15.12-py3-none-musllinux_1_2_armv7l.whl", hash = "sha256:dd8aed930da53780d22fc70bdf84452c843cf64f8cb4eb38984319c24c5cd5fd", size = 10462758, upload-time = "2026-04-24T18:17:32.347Z" },
    { url = "https://files.pythonhosted.org/packages/25/e7/cc9f16fd0f3b5fddcbd7ec3d6ae30c8f3fde1047f32a4093a98d633c6570/ruff-0.15.12-py3-none-musllinux_1_2_i686.whl", hash = "sha256:01da3988d225628b709493d7dc67c3b9b12c0210016b08690ef9bd27970b262b", size = 10953498, upload-time = "2026-04-24T18:17:20.674Z" },
    { url = "https://files.pythonhosted.org/packages/72/7a/a9ba7f98c7a575978698f4230c5e8cc54bbc761af34f560818f933dafa0c/ruff-0.15.12-py3-none-musllinux_1_2_x86_64.whl", hash = "sha256:9cae0f92bd5700d1213188b31cd3bdd2b315361296d10b96b8e2337d3d11f53e", size = 11447765, upload-time = "2026-04-24T18:17:09.755Z" },
    { url = "https://files.pythonhosted.org/packages/ea/f9/0ae446942c846b8266059ad8a30702a35afae55f5cdc54c5adf8d7afdc27/ruff-0.15.12-py3-none-win32.whl", hash = "sha256:d0185894e038d7043ba8fd6aee7499ece6462dc0ea9f1e260c7451807c714c20", size = 10657277, upload-time = "2026-04-24T18:17:18.591Z" },
    { url = "https://files.pythonhosted.org/packages/33/f1/9614e03e1cdcbf9437570b5400ced8a720b5db22b28d8e0f1bda429f660d/ruff-0.15.12-py3-none-win_amd64.whl", hash = "sha256:c87a162d61ab3adca47c03f7f717c68672edec7d1b5499e652331780fe74950d", size = 11837758, upload-time = "2026-04-24T18:17:00.113Z" },
    { url = "https://files.pythonhosted.org/packages/c0/98/6beb4b351e472e5f4c4613f7c35a5290b8be2497e183825310c4c3a3984b/ruff-0.15.12-py3-none-win_arm64.whl", hash = "sha256:a538f7a82d061cee7be55542aca1d86d1393d55d81d4fcc314370f4340930d4f", size = 11120821, upload-time = "2026-04-24T18:16:57.979Z" },
]

[[package]]
name = "ty"
version = "0.0.31"
source = { registry = "https://pypi.org/simple" }
sdist = { url = "https://files.pythonhosted.org/packages/31/cc/5ea5d3a72216c8c2bf77d83066dd4f3553532d0aacc03d4a8397dd9845e1/ty-0.0.31.tar.gz", hash = "sha256:4a4094292d9671caf3b510c7edf36991acd9c962bb5d97205374ffed9f541c45", size = 5516619, upload-time = "2026-04-15T15:47:59.87Z" }
wheels = [
    { url = "https://files.pythonhosted.org/packages/b0/10/ea805cbbd75d5d50792551a2b383de8521eeab0c44f38c73e12819ced65e/ty-0.0.31-py3-none-linux_armv6l.whl", hash = "sha256:761651dc17ad7bc0abfc1b04b3f0e84df263ed435d34f29760b3da739ab02d35", size = 10834749, upload-time = "2026-04-15T15:48:14.877Z" },
    { url = "https://files.pythonhosted.org/packages/d9/4c/fabf951850401d24d36b21bced088a366c6827e1c37dab4523afff84c4b2/ty-0.0.31-py3-none-macosx_10_12_x86_64.whl", hash = "sha256:c529922395a07231c27488f0290651e05d27d149f7e0aa807678f1f7e9c58a5e", size = 10626012, upload-time = "2026-04-15T15:48:22.554Z" },
    { url = "https://files.pythonhosted.org/packages/04/b0/4a5aff88d2544f19514a59c8f693d63144aa7307fe2ee5df608333ab5460/ty-0.0.31-py3-none-macosx_11_0_arm64.whl", hash = "sha256:5f345df2b87d747859e72c2cbc9be607ea1bbc8bc93dd32fa3d03ea091cb4fee", size = 10075790, upload-time = "2026-04-15T15:47:46.959Z" },
    { url = "https://files.pythonhosted.org/packages/d5/73/9d4dcad12cd4e85274014f2c0510ef93f590b2a1e5148de3a9f276098dad/ty-0.0.31-py3-none-manylinux_2_17_aarch64.manylinux2014_aarch64.whl", hash = "sha256:d4b207eddcfbafd376132689d3435b14efcb531289cb59cd961c6a611133bd54", size = 10590286, upload-time = "2026-04-15T15:48:06.222Z" },
    { url = "https://files.pythonhosted.org/packages/47/45/fe40adde18692359ded174ae7ddbfac056e876eb0f43b65be74fde7f6072/ty-0.0.31-py3-none-manylinux_2_17_armv7l.manylinux2014_armv7l.whl", hash = "sha256:663778b220f357067488ce68bfc52335ccbd161549776f70dcbde6bbde82f77a", size = 10623824, upload-time = "2026-04-15T15:48:12.965Z" },
    { url = "https://files.pythonhosted.org/packages/2e/e8/0ffa2e09b548e6daa9ebc368d68b767dc2405ca4cbeadb7ede0e2cb21059/ty-0.0.31-py3-none-manylinux_2_17_i686.manylinux2014_i686.whl", hash = "sha256:3506cfe87dfade0fb2960dd4fffd4fd8089003587b3445c0a1a295c9d83764fb", size = 11156864, upload-time = "2026-04-15T15:48:08.473Z" },
    { url = "https://files.pythonhosted.org/packages/08/e9/fd44c2075115d569593ee9473d7e2a38b750fd7e783421c95eb528c15df5/ty-0.0.31-py3-none-manylinux_2_17_ppc64le.manylinux2014_ppc64le.whl", hash = "sha256:8b3f3d8492f08e81916026354c1d1599e9ddfa1241804141a74d5662fc710085", size = 11696401, upload-time = "2026-04-15T15:48:17.355Z" },
    { url = "https://files.pythonhosted.org/packages/4e/50/35aad8eadf964d23e2a4faa5b38a206aa85c78833c8ce335dddd2c34ba63/ty-0.0.31-py3-none-manylinux_2_17_s390x.manylinux2014_s390x.whl", hash = "sha256:a97de32ee6a619393a4c495e056a1c547de7877510f3152e61345c71d774d2d0", size = 11374903, upload-time = "2026-04-15T15:47:55.893Z" },
    { url = "https://files.pythonhosted.org/packages/c8/37/01eccd25d23f5aaa7f7ff1a87b5b215469f6b202cf689a1812b71c1e7f6b/ty-0.0.31-py3-none-manylinux_2_17_x86_64.manylinux2014_x86_64.whl", hash = "sha256:c906354ce441e342646582bc9b8f48a676f79f3d061e25de15ff870e015ca14e", size = 11206624, upload-time = "2026-04-15T15:47:51.778Z" },
    { url = "https://files.pythonhosted.org/packages/f4/70/baad2914cb097453f127a221f8addb2b41926098059cd773c75e6a662fc4/ty-0.0.31-py3-none-musllinux_1_2_aarch64.whl", hash = "sha256:275bb7c82afcbf89fe2dbef1b2692f2bc98451f1ee2c8eb809ddd91317822388", size = 10575089, upload-time = "2026-04-15T15:47:49.448Z" },
    { url = "https://files.pythonhosted.org/packages/83/12/bae3a7bba2e785eb72ce00f9da70eedcb8c5e8299efecbd16e6e436abd82/ty-0.0.31-py3-none-musllinux_1_2_armv7l.whl", hash = "sha256:405da247027c6efd1e264886b6ac4a86ab3a4f09200b02e33630efe85f119e53", size = 10642315, upload-time = "2026-04-15T15:48:19.661Z" },
    { url = "https://files.pythonhosted.org/packages/93/9e/cad04d5d839bc60355cea98c7e09d724ea65f47184def0fae8b90dc54591/ty-0.0.31-py3-none-musllinux_1_2_i686.whl", hash = "sha256:54d9835608eed196853d6643f645c50ce83bcc7fe546cdb3e210c1bcf7c58c09", size = 10834473, upload-time = "2026-04-15T15:48:02.091Z" },
    { url = "https://files.pythonhosted.org/packages/e3/ba/84112d280182d37690d3d2b4018b2667e42bc281585e607015635310016a/ty-0.0.31-py3-none-musllinux_1_2_x86_64.whl", hash = "sha256:5ee11be9b07e8c0c6b455ff075a0abe4f194de9476f57624db98eec9df618355", size = 11315785, upload-time = "2026-04-15T15:48:10.754Z" },
    { url = "https://files.pythonhosted.org/packages/50/9f/ac42dc223d7e0950e97a1854567a8b3e7fe09ad7375adbf91bfb43290482/ty-0.0.31-py3-none-win32.whl", hash = "sha256:7286587aacf3eef0956062d6492b893b02f82b0f22c5e230008e13ff0d216a8b", size = 10187657, upload-time = "2026-04-15T15:48:04.264Z" },
    { url = "https://files.pythonhosted.org/packages/75/3e/57ba7ea7ecb2f4751644ba91756e2be70e33ef5952c0c41a256a0e4c2437/ty-0.0.31-py3-none-win_amd64.whl", hash = "sha256:81134e25d2a2562ab372f24de8f9bd05034d27d30377a5d7540f259791c6234c", size = 11205258, upload-time = "2026-04-15T15:47:53.759Z" },
    { url = "https://files.pythonhosted.org/packages/88/39/bca669095ccf0a400af941fdf741578d4c2d6719f1b7f10e6dbec10aa862/ty-0.0.31-py3-none-win_arm64.whl", hash = "sha256:e9cb15fad26545c6a608f40f227af3a5513cb376998ca6feddd47ca7d93ffafa", size = 10590392, upload-time = "2026-04-15T15:47:57.968Z" },
]

[[package]]
name = "uv-build"
version = "0.11.7"
source = { registry = "https://pypi.org/simple" }
sdist = { url = "https://files.pythonhosted.org/packages/7e/3f/bb24ef836b647db1d5799263279398f15defc906b67263cfd47526d346e2/uv_build-0.11.7.tar.gz", hash = "sha256:258e3a10929b5de79074078ba1ad8edbdd4db5d9c3cafba81f11b329eeaaca08", size = 365752, upload-time = "2026-04-15T21:42:31.382Z" }
wheels = [
    { url = "https://files.pythonhosted.org/packages/f3/6e/243922084a688033e1f25ca05e3c30e1261aeb4c8d5a9123ccbf5e240106/uv_build-0.11.7-py3-none-linux_armv6l.whl", hash = "sha256:8b25136230827bc89085705dfbad2fa1ff57f0049493e2cc0cb92e96403c4363", size = 1537031, upload-time = "2026-04-15T21:42:16.38Z" },
    { url = "https://files.pythonhosted.org/packages/04/c8/ff0cee3b5d2b4c8e90c09fa393a59a86e2ef004d9b9c35bc94866bdcb925/uv_build-0.11.7-py3-none-macosx_10_12_x86_64.whl", hash = "sha256:af0a6850399af1a0e8fa6662e32fc7386f45513a34ef380c372395350be0217b", size = 1482766, upload-time = "2026-04-15T21:42:39.347Z" },
    { url = "https://files.pythonhosted.org/packages/b3/fa/0e96c7e041e98645cdf2569df90a513614bdec999c2cfbac6731a4be98b0/uv_build-0.11.7-py3-none-macosx_11_0_arm64.whl", hash = "sha256:7c02b2031cf1bf25242c597b4c8ab4357768c0cd90d8d443b9ad2eb5c4913693", size = 1433234, upload-time = "2026-04-15T21:42:37.858Z" },
    { url = "https://files.pythonhosted.org/packages/74/d3/7e7afb1600e92c995dcbf873b43951c20e30a1a356267ed534ebc1486e7f/uv_build-0.11.7-py3-none-manylinux_2_17_aarch64.manylinux2014_aarch64.musllinux_1_1_aarch64.whl", hash = "sha256:9f4a997bbb038baa4043295588d720eb276c7d307e7b41b677127835a082f14a", size = 1617894, upload-time = "2026-04-15T21:42:42.359Z" },
    { url = "https://files.pythonhosted.org/packages/60/c5/2a255964bf407334a78cb60835b3c235e7ee04b4b3e64cb96d7ee751c606/uv_build-0.11.7-py3-none-manylinux_2_17_armv7l.manylinux2014_armv7l.whl", hash = "sha256:76bfa8146285c02c678ab69237298dc6b7640affcc05e2caa8b01b4a1c225ad7", size = 1500216, upload-time = "2026-04-15T21:42:32.876Z" },
    { url = "https://files.pythonhosted.org/packages/08/dc/c58394e654aa0d26fe257e85e7c3662c12d374e1dbdce9af21c49bd054d3/uv_build-0.11.7-py3-none-manylinux_2_17_i686.manylinux2014_i686.whl", hash = "sha256:2aa58dc60025ca31df968687e2180f8480201a43739b573754d1a9df7dda875b", size = 1666101, upload-time = "2026-04-15T21:42:26.991Z" },
    { url = "https://files.pythonhosted.org/packages/d2/11/4bc94e4054f51169083c6d861a79bae1f9f65e2eafb1f892d543fcfb9e59/uv_build-0.11.7-py3-none-manylinux_2_17_ppc64le.manylinux2014_ppc64le.whl", hash = "sha256:3b76402a9767556105361cf9267e5dcaaf3da2db5bf55d54016960ad49a21e0c", size = 1701423, upload-time = "2026-04-15T21:42:43.989Z" },
    { url = "https://files.pythonhosted.org/packages/7c/ce/55c07b847ab5904d1fcd7f38aa47fba007b829b1a30b4e2436d54adb27fb/uv_build-0.11.7-py3-none-manylinux_2_17_s390x.manylinux2014_s390x.whl", hash = "sha256:6b0e8707344c71ec10d0ab845608556f9344385b1bd1a2bfbd0a9f1d91cf502e", size = 1593484, upload-time = "2026-04-15T21:42:21.5Z" },
    { url = "https://files.pythonhosted.org/packages/65/7a/c286bf603f6b218a6820554c880a0431c3327d24701c8e2e1be779a3299d/uv_build-0.11.7-py3-none-manylinux_2_17_x86_64.manylinux2014_x86_64.whl", hash = "sha256:584fc01726ef84536eed4fa173bab00c0b07ac8c72d62a6cd46a8bb72685c395", size = 1626588, upload-time = "2026-04-15T21:42:25.028Z" },
    { url = "https://files.pythonhosted.org/packages/e5/4f/c13118f8ff8d99a5cce194972f319f51158abb4f422843e7bc321c0bfca6/uv_build-0.11.7-py3-none-manylinux_2_28_aarch64.whl", hash = "sha256:0a3543671e3a721190d94dcabb62200c2712f7ced84591930fd93c8d1b83fcec", size = 1611643, upload-time = "2026-04-15T21:42:34.402Z" },
    { url = "https://files.pythonhosted.org/packages/4d/7b/beaf566069f8c517049739c676f2174070b6316d33d7010430a0d0c92ea8/uv_build-0.11.7-py3-none-manylinux_2_31_riscv64.whl", hash = "sha256:ca2f45a2bd5a50aa4f5ded142f1b11ef1e5a9118495658ad00a36085775c4760", size = 1584567, upload-time = "2026-04-15T21:42:14.19Z" },
    { url = "https://files.pythonhosted.org/packages/f3/52/5d927164374650a40c166e31fdd7b11d9ebb03426cf1c0b8a68325ac692a/uv_build-0.11.7-py3-none-musllinux_1_1_armv7l.whl", hash = "sha256:0e57a8d62fbc477b19b3d01d7988302e314cf140979b9cbc01b628dbf7e8dcc6", size = 1519211, upload-time = "2026-04-15T21:42:40.859Z" },
    { url = "https://files.pythonhosted.org/packages/62/82/6913290fc0e057bb9ed6552170e95ff7ce17111383c00d0d7168a08e80de/uv_build-0.11.7-py3-none-musllinux_1_1_i686.whl", hash = "sha256:fac5a6e952bb9160b65992b59f5baeef7e4f2ff8c0d1e3406b20722cddb0fc23", size = 1612223, upload-time = "2026-04-15T21:42:30.022Z" },
    { url = "https://files.pythonhosted.org/packages/cf/63/a0ea31ebcdd361a44f142b8336da997b73cdde06e67cdfc9e10d5f9ec35e/uv_build-0.11.7-py3-none-musllinux_1_1_riscv64.whl", hash = "sha256:dc93e4416fea87c7f2e4101d6f1ee73e43e9451fda7737f8eca7c4244a8bd79a", size = 1605528, upload-time = "2026-04-15T21:42:36.153Z" },
    { url = "https://files.pythonhosted.org/packages/93/da/c8c7398e5c59068b3f9afc8bde9d67b6a5aaa77a4fb628365d407778ebf0/uv_build-0.11.7-py3-none-musllinux_1_1_x86_64.whl", hash = "sha256:babc9098aeb796c76cefe5e7b73b9a146301d03420c29aa3fab2063034894926", size = 1686911, upload-time = "2026-04-15T21:42:23.578Z" },
    { url = "https://files.pythonhosted.org/packages/1d/b8/605fd1b00447fd97dee1119039c11c4fe4e24ac86ee6e04df9b0aa66a256/uv_build-0.11.7-py3-none-win32.whl", hash = "sha256:3c2e9c712258f3d4c843931333e8216e2ded937fa35ac715d54573964146aa8a", size = 1428575, upload-time = "2026-04-15T21:42:20.002Z" },
    { url = "https://files.pythonhosted.org/packages/54/58/39099c4a540aca6eafab95e1918d805076ebf7ebb2e9244d8963c1084065/uv_build-0.11.7-py3-none-win_amd64.whl", hash = "sha256:cacd0d04fde0fc8d1b510bd204ba6227a7b93b4f65ce1b7b672b2ceb2b02cd06", size = 1498306, upload-time = "2026-04-15T21:42:18.201Z" },
    { url = "https://files.pythonhosted.org/packages/43/7c/ddd89826d72217c2bfe10a33578e5e397aa82aaf7c119545352e79a8970e/uv_build-0.11.7-py3-none-win_arm64.whl", hash = "sha256:05bd61a116d99a8ffd62328232c96ca68c2e706dc8fea1d8792a558ae00ab1d1", size = 1419051, upload-time = "2026-04-15T21:42:28.597Z" },
]
