version = 1
revision = 3
requires-python = ">=3.10"

[[package]]
name = "humphrey"
version = "2026.0"
source = { editable = "." }

[package.dev-dependencies]
dev = [
    { name = "ruff" },
    { name = "ty" },
    { name = "uv-build" },
]

[package.metadata]

[package.metadata.requires-dev]
dev = [
    { name = "ruff", specifier = ">=0.14.11" },
    { name = "ty", specifier = ">=0.0.10" },
    { name = "uv-build", specifier = ">=0.9.22" },
]

[[package]]
name = "ruff"
version = "0.15.15"
source = { registry = "https://pypi.org/simple" }
sdist = { url = "https://files.pythonhosted.org/packages/84/6f/a76f7d96e5c962f5b69cee865e49c15c1116897c01990faa8a57edb62e7f/ruff-0.15.15.tar.gz", hash = "sha256:b8dff018130b46d8e5bf0f926ef6b60cf871d6d5ae45fc9334e09632daa741d6", size = 4706985, upload-time = "2026-05-28T14:16:57.784Z" }
wheels = [
    { url = "https://files.pythonhosted.org/packages/fa/9d/3a45c05b8ab04b4705989de70a79008e27c8003296a0feaee9edc18dd7e9/ruff-0.15.15-py3-none-linux_armv6l.whl", hash = "sha256:cf93e5388f412e1b108b1f8b34a6e036b70fe8aff89393befad96fe48670311b", size = 10710652, upload-time = "2026-05-28T14:16:06.701Z" },
    { url = "https://files.pythonhosted.org/packages/05/66/da974431624bf3b49f6ee1f9543c02d929ff1cba78b0d5a79c38cf21f744/ruff-0.15.15-py3-none-macosx_10_12_x86_64.whl", hash = "sha256:ac5a646d1f6a7dadd5d50842dae2c1f9862ac887ef5d1b1375e02def791fde6e", size = 11096615, upload-time = "2026-05-28T14:16:23.313Z" },
    { url = "https://files.pythonhosted.org/packages/8c/09/7443452e5d290230a712103f2fdceeef7184f3ec99a2bd01c8be78aaceb5/ruff-0.15.15-py3-none-macosx_11_0_arm64.whl", hash = "sha256:77d955a431430c66f72dd94e379ad38a16daea3d25094872ac4edf9e797be530", size = 10436683, upload-time = "2026-05-28T14:16:40.974Z" },
    { url = "https://files.pythonhosted.org/packages/53/01/d330c26a57fa4f3943a14424904027428315b700fe4d14a84bb123a649e5/ruff-0.15.15-py3-none-manylinux_2_17_aarch64.manylinux2014_aarch64.whl", hash = "sha256:7614ee79c69788cf6cedd568069ade9cecc22a1ad20494efe8d0c9ebb4b622d4", size = 10769064, upload-time = "2026-05-28T14:16:28.905Z" },
    { url = "https://files.pythonhosted.org/packages/1d/85/cc8770f8bdff541b1da8392d1634141fe4a0e3f4ee596605959b7906c27f/ruff-0.15.15-py3-none-manylinux_2_17_armv7l.manylinux2014_armv7l.whl", hash = "sha256:3cdb1679e06a1f6b47bc384714ae96f6e2fb65ca441eb78c43d2ca554176ce1f", size = 10511987, upload-time = "2026-05-28T14:16:43.732Z" },
    { url = "https://files.pythonhosted.org/packages/7c/29/8c190c1472b63013583ba391f3342036e02010544c1270455ed8e519bdf3/ruff-0.15.15-py3-none-manylinux_2_17_i686.manylinux2014_i686.whl", hash = "sha256:2728b93d7b23a603ea2c0ac6eb73d760bd38ec9de35f35fb41e18f7a3fee7622", size = 11275100, upload-time = "2026-05-28T14:16:55.244Z" },
    { url = "https://files.pythonhosted.org/packages/9f/6b/7e145ce2cc8e63d6834eca03d83a0e18d121def5c69f91b4cf4011ed4879/ruff-0.15.15-py3-none-manylinux_2_17_ppc64le.manylinux2014_ppc64le.whl", hash = "sha256:be582fcc0db438902c7792b08d6ddf6c9b9e21addaa10092c2c741cfb09e5a45", size = 12176903, upload-time = "2026-05-28T14:16:14.368Z" },
    { url = "https://files.pythonhosted.org/packages/80/a3/d5974637f68e451f7fadf015cf3101d1cd7d8ba5027cffe0b9e3826ebe6b/ruff-0.15.15-py3-none-manylinux_2_17_s390x.manylinux2014_s390x.whl", hash = "sha256:7aa77465b8ecaf1a27bea098d696f7fed5e1eccbd10b321b682d6de586ae5627", size = 11404550, upload-time = "2026-05-28T14:16:20.138Z" },
    { url = "https://files.pythonhosted.org/packages/fe/1c/e6e5e568f22be4fb05d6244234aba384c06b451252453b821e1a529263cf/ruff-0.15.15-py3-none-manylinux_2_17_x86_64.manylinux2014_x86_64.whl", hash = "sha256:48decfa11d740de4889de623be1463308346312f2409a56e24aa280c86162dc4", size = 11382027, upload-time = "2026-05-28T14:16:46.615Z" },
    { url = "https://files.pythonhosted.org/packages/1d/01/170921b49fcd2e8858825593f91cf7146c3e40a5c3e6df763e4bb0484dde/ruff-0.15.15-py3-none-manylinux_2_31_riscv64.whl", hash = "sha256:a5015088452ca0081387063649ec67f06d3d1d6b8b936a1f836b5e9657ecd48c", size = 11366041, upload-time = "2026-05-28T14:16:26.247Z" },
    { url = "https://files.pythonhosted.org/packages/87/54/a7bad711d7de93254e15e06a4c375b89a03d18de45d3e5dcc86a4472fb1a/ruff-0.15.15-py3-none-musllinux_1_2_aarch64.whl", hash = "sha256:f5294aab6356c81600fcdea3a62bb1b924dfd5e91767c12318d3f68f86af57cd", size = 10741795, upload-time = "2026-05-28T14:16:17.11Z" },
    { url = "https://files.pythonhosted.org/packages/c9/31/38c075963668f8b41c6914ee0f6f318727fbe30ab9145cb29e6df464c5fa/ruff-0.15.15-py3-none-musllinux_1_2_armv7l.whl", hash = "sha256:db5bd4d802415cca656dc1616070b725952d6ae95eb5d4831e49fbd94a38f75f", size = 10511117, upload-time = "2026-05-28T14:16:31.767Z" },
    { url = "https://files.pythonhosted.org/packages/9d/96/6ff689e1f7e375d1d97075eca022f74c2bab59554a432fe4d2e6f091986a/ruff-0.15.15-py3-none-musllinux_1_2_i686.whl", hash = "sha256:587a6278ed42059191c1a466e490bd7930fb50bd2e255398bc29616c895a61cb", size = 10994867, upload-time = "2026-05-28T14:16:35.149Z" },
    { url = "https://files.pythonhosted.org/packages/c3/c2/5dce0ab9f92a8d534fa62b9bf9caca3eddb8c1a81b616f5e195ada4f0d6e/ruff-0.15.15-py3-none-musllinux_1_2_x86_64.whl", hash = "sha256:df0c1c084f5f4be9812f61518a45c440d3c30d69ce4bf6c5270e66d38338f02a", size = 11482101, upload-time = "2026-05-28T14:16:49.598Z" },
    { url = "https://files.pythonhosted.org/packages/b1/c0/1003b60edd697c649faf61f1a34094b1abb38fb3d1181e3f895781250a08/ruff-0.15.15-py3-none-win32.whl", hash = "sha256:29428ea79694afbe756d45fd59b36f22b6b020dc0443cf7de0173046236964b9", size = 10716774, upload-time = "2026-05-28T14:16:52.337Z" },
    { url = "https://files.pythonhosted.org/packages/02/a8/1269eddd6945a06c23f055ef7848886e37cf9d6a8bebb386a3115f01470c/ruff-0.15.15-py3-none-win_amd64.whl", hash = "sha256:8df0323902e15e24bc4bf246da830573d3cf3352bd0b9a164eab335d111ff4a4", size = 11868463, upload-time = "2026-05-28T14:16:11.333Z" },
    { url = "https://files.pythonhosted.org/packages/4e/b2/920464c907b191e37469d477a1aa8bc048b8f36c4c1610dfa4ab87b39e18/ruff-0.15.15-py3-none-win_arm64.whl", hash = "sha256:3c8ceca6792f38196b8f589bc92eccd03eef286602da92e5dc05cc42ef6441b7", size = 11138498, upload-time = "2026-05-28T14:16:38.425Z" },
]

[[package]]
name = "ty"
version = "0.0.39"
source = { registry = "https://pypi.org/simple" }
sdist = { url = "https://files.pythonhosted.org/packages/d0/8d/7b5c74dc287fbcb37bae9853cec13bf44717c1735298500e4aeba31579a9/ty-0.0.39.tar.gz", hash = "sha256:f750277e76a01ecd86185960eca73823c26a53c51103568d56d4d904575159fd", size = 5702365, upload-time = "2026-05-22T21:09:56.403Z" }
wheels = [
    { url = "https://files.pythonhosted.org/packages/08/17/9b89802c26d12d0f7a27bc25d4066d941d42891e8898f9f26499f0067e32/ty-0.0.39-py3-none-linux_armv6l.whl", hash = "sha256:c1bb7ac70f1f7d70cc6655fd96558039e4562b10f489fa49c7ebfd5fcee73ad1", size = 11360431, upload-time = "2026-05-22T21:09:18.689Z" },
    { url = "https://files.pythonhosted.org/packages/9c/c6/663ded50e823dbf9fb9d002eca46b7cb1fb2c72b744b84f22ce732a0ee0b/ty-0.0.39-py3-none-macosx_10_12_x86_64.whl", hash = "sha256:3435b64c1e59c14c9aa39c20cc018823937cd38d55db853e74d95b8f420569b0", size = 11096281, upload-time = "2026-05-22T21:09:15.383Z" },
    { url = "https://files.pythonhosted.org/packages/8b/ae/5d38ba9a6456ff4c78d212cf464fd8b9a25d8118465197b0b2dc891c0b19/ty-0.0.39-py3-none-macosx_11_0_arm64.whl", hash = "sha256:5f136377ce46c73677701a9e1ad730bf72f699bcec046e422eb79d0886cac3ab", size = 10529674, upload-time = "2026-05-22T21:09:46.471Z" },
    { url = "https://files.pythonhosted.org/packages/be/6f/43638cb8106445d3c8817256a0731cde9dd7b6a53ae2e881294bc1930ca3/ty-0.0.39-py3-none-manylinux_2_17_aarch64.manylinux2014_aarch64.whl", hash = "sha256:36b65fb0cc17f03e851d40e210d420be94ab8bc52d041328ad1e45f616036a61", size = 11055561, upload-time = "2026-05-22T21:09:36.981Z" },
    { url = "https://files.pythonhosted.org/packages/91/17/95e62cf4458527ce78dc386eba18f8b10c3fb64cd8c9e7e59b262ff6029d/ty-0.0.39-py3-none-manylinux_2_17_armv7l.manylinux2014_armv7l.whl", hash = "sha256:4967967bfadf3860ff84c3fccdbaec8edf8aa20d0d727521084733d853de6657", size = 11127185, upload-time = "2026-05-22T21:09:31.395Z" },
    { url = "https://files.pythonhosted.org/packages/4e/c0/93666c213db5c71ab1b1f1a0db5f66bf8c7c0e0b0bf59859f5da8f0b3c36/ty-0.0.39-py3-none-manylinux_2_17_i686.manylinux2014_i686.whl", hash = "sha256:9e10ecb1297099ddf9a1f054f8bd921d1863ce85fb819a3c96ed27865a1ba6ed", size = 11608459, upload-time = "2026-05-22T21:09:12.862Z" },
    { url = "https://files.pythonhosted.org/packages/79/85/3b26585afc8b50230d6464bb0642feef4fab3f847e38b1f0ffa971a81446/ty-0.0.39-py3-none-manylinux_2_17_ppc64le.manylinux2014_ppc64le.whl", hash = "sha256:9b19cca70e465d71b0510656343883d62372bbe74b7845cae7c0e701d6d5264b", size = 12177101, upload-time = "2026-05-22T21:09:40.519Z" },
    { url = "https://files.pythonhosted.org/packages/49/4a/1039e4f6afc576dc1c3a4d22a6478904a1ad3766597cd0b93c077ab9dfce/ty-0.0.39-py3-none-manylinux_2_17_s390x.manylinux2014_s390x.whl", hash = "sha256:56c6704b01b9b3d80ff26b2918423b742516d1e469bef830e9254dcedc9185bf", size = 11827815, upload-time = "2026-05-22T21:09:49.89Z" },
    { url = "https://files.pythonhosted.org/packages/e2/c5/4688652870e350a76a8157f7ffb59ad54f37d5d10725aa7076f66ac94ec8/ty-0.0.39-py3-none-manylinux_2_17_x86_64.manylinux2014_x86_64.whl", hash = "sha256:40b7840ff46764b6a6757f4ade1cd0530fc3e8a0b435ca93e7602360e4cb90b6", size = 11694429, upload-time = "2026-05-22T21:09:21.568Z" },
    { url = "https://files.pythonhosted.org/packages/fc/72/8a1c4e823bb5bdc935a1c8140e100304e36a68a4139592f170aa9736fdb7/ty-0.0.39-py3-none-manylinux_2_31_riscv64.whl", hash = "sha256:1c62a3a87ce26b50819f0dbf03bd95f23f19eeb87bbc7aa732ec64277c77f1aa", size = 11869846, upload-time = "2026-05-22T21:09:28.053Z" },
    { url = "https://files.pythonhosted.org/packages/17/9f/cf982457b861ae22d657c5dcdbc631199f7f90264279db1d17230dfbc3ff/ty-0.0.39-py3-none-musllinux_1_2_aarch64.whl", hash = "sha256:f8c34bc81a9c3516e49904e9d8330aac385377cca98390193ea02b903a40fcf0", size = 11029763, upload-time = "2026-05-22T21:09:06.791Z" },
    { url = "https://files.pythonhosted.org/packages/46/c9/95b64f6d43ae6e8f0b7e13dacf9c196d35819af22b1924171fba31383156/ty-0.0.39-py3-none-musllinux_1_2_armv7l.whl", hash = "sha256:66f5ab11586a64e79cb692ad685ee5469325c31b5f30bd3554f52f36dbe28cc4", size = 11146761, upload-time = "2026-05-22T21:09:10.178Z" },
    { url = "https://files.pythonhosted.org/packages/52/69/0a89cfb06f7632a05bf56c78e0affb4a40f81759e275376cea75c9c5abe9/ty-0.0.39-py3-none-musllinux_1_2_i686.whl", hash = "sha256:e8d89732bcbbcb091f439e556dfc4932f198b118b47d5b85212c60662099670e", size = 11281843, upload-time = "2026-05-22T21:09:34.234Z" },
    { url = "https://files.pythonhosted.org/packages/0e/53/64c4a27067a46643fea2b3fcf21a8a2f838d91a65ffdd14f2e82945b9538/ty-0.0.39-py3-none-musllinux_1_2_x86_64.whl", hash = "sha256:eceb6c91dcd05a231119f82abdd9aa337513de23ca6ac990bc44f88791dc1799", size = 11792477, upload-time = "2026-05-22T21:09:24.923Z" },
    { url = "https://files.pythonhosted.org/packages/1a/e8/02f4dd4a12bcdbda0006f9c7ff3b99a4be06bd0d257d3bd4a5b66de074e6/ty-0.0.39-py3-none-win32.whl", hash = "sha256:891c3262314dbc80bf3e872634d23dd216306945daa9a9fcc206ce5ed21ac4c9", size = 10615377, upload-time = "2026-05-22T21:09:43.167Z" },
    { url = "https://files.pythonhosted.org/packages/b5/5a/aaeb22faa8d4dae90a287d4c3636c671edcff3b99be5f4fc8b79ad71eef6/ty-0.0.39-py3-none-win_amd64.whl", hash = "sha256:ba7f2d54452535419e90f6f03ff39282999e87b43c21c00559f6d7ad711a36d5", size = 11710711, upload-time = "2026-05-22T21:09:53.179Z" },
    { url = "https://files.pythonhosted.org/packages/a3/17/ae7339651bfcaa5f54698c8c70eaf5031baa400ecb67baec31d03a56cbd4/ty-0.0.39-py3-none-win_arm64.whl", hash = "sha256:eb4cf0fefbbfedf9a352597bb2431ebdcb7eb3a595c0f825f228e897a0ec285d", size = 11081409, upload-time = "2026-05-22T21:09:03.741Z" },
]

[[package]]
name = "uv-build"
version = "0.11.16"
source = { registry = "https://pypi.org/simple" }
sdist = { url = "https://files.pythonhosted.org/packages/b4/8f/357141e5dafd2f92a6d2c47d550f97e87e63f754c8c53862ba67c2c23e19/uv_build-0.11.16.tar.gz", hash = "sha256:0aa1aba3f6af4fd3df0c16a17b00755cbcdc0350ffeceefffc85f162c8a9ae6e", size = 390555, upload-time = "2026-05-21T22:10:04.29Z" }
wheels = [
    { url = "https://files.pythonhosted.org/packages/e4/7c/1bc45a2b1b30daca729ce2fc69d34c62ff58c0e72824d402c5ee799abcf1/uv_build-0.11.16-py3-none-linux_armv6l.whl", hash = "sha256:5ff1c2f0c9f2eb54cfef8733c18f88cb7c14c1162c774afffd42365d9056d5b6", size = 1530251, upload-time = "2026-05-21T22:10:13.623Z" },
    { url = "https://files.pythonhosted.org/packages/1f/cd/5e29d664b4e99fac6be87c11bc1f45f3619f563a9311dea6b1ddc399feb2/uv_build-0.11.16-py3-none-macosx_10_12_x86_64.whl", hash = "sha256:0430666fcb3724c0b3969c385a88f5a4ca0f6611bef8360688c46a422a774d21", size = 1484350, upload-time = "2026-05-21T22:10:09.173Z" },
    { url = "https://files.pythonhosted.org/packages/ba/03/88ad6d130d21526ce91cf5a49d58bf24e1f2e800fced75d729c450c62ab6/uv_build-0.11.16-py3-none-macosx_11_0_arm64.whl", hash = "sha256:4938cc662fcfbedd04b97a67578a5004c064ee76cfd71b48aa53e06d7697f78a", size = 1377641, upload-time = "2026-05-21T22:10:02.617Z" },
    { url = "https://files.pythonhosted.org/packages/d4/d0/bfb34c21b192bb9b306c9050a38e1ab57a8a02bea765bd0853f3b9bddd9c/uv_build-0.11.16-py3-none-manylinux_2_17_aarch64.manylinux2014_aarch64.musllinux_1_1_aarch64.whl", hash = "sha256:cd46b505f0525a5a8928dda2944e6b354b949545a72a665f0af86010c1553dbf", size = 1611979, upload-time = "2026-05-21T22:09:58.356Z" },
    { url = "https://files.pythonhosted.org/packages/a9/c3/b41ee1ebf73226158e7c0ccd2df17cbb60af82874f5e46c878dfac6f4732/uv_build-0.11.16-py3-none-manylinux_2_17_armv7l.manylinux2014_armv7l.whl", hash = "sha256:679732f188b21316828fe4723877c1ff167786688931336d63c21488d504228e", size = 1494188, upload-time = "2026-05-21T22:10:15.248Z" },
    { url = "https://files.pythonhosted.org/packages/74/01/13fe3fd67502df82947bd2f85ebda1f45168c9adeca25c0df020ec2cc3a4/uv_build-0.11.16-py3-none-manylinux_2_17_i686.manylinux2014_i686.whl", hash = "sha256:38b103545febdb68ad591e8e205f18c11b0253693efe03fce9bc7a7627e620da", size = 1655552, upload-time = "2026-05-21T22:09:50.499Z" },
    { url = "https://files.pythonhosted.org/packages/9e/a3/c758bb8a69247611fc1c3e68d1f651048553ba39957ad3462f4a94c1e0a8/uv_build-0.11.16-py3-none-manylinux_2_17_ppc64le.manylinux2014_ppc64le.whl", hash = "sha256:f45dd7f25a8e6c9fd0dc4dca600ea459b88a2b4a3fdeb196825fac0481f4583b", size = 1687766, upload-time = "2026-05-21T22:09:56.697Z" },
    { url = "https://files.pythonhosted.org/packages/21/20/469b0c60704fc927a094d636a1be2abe683fd7900b6f1deb611714982fb4/uv_build-0.11.16-py3-none-manylinux_2_17_s390x.manylinux2014_s390x.whl", hash = "sha256:ff3aa53399d3d6abe6b6ec8770b447d21ddde7acf275788694f1f72f76c74e86", size = 1600461, upload-time = "2026-05-21T22:10:07.462Z" },
    { url = "https://files.pythonhosted.org/packages/7c/b8/924bf27387a8712676c27dfbce7718f6eb07ab82eb09036623a50311d427/uv_build-0.11.16-py3-none-manylinux_2_17_x86_64.manylinux2014_x86_64.whl", hash = "sha256:21a725a27245fc58c58f3b11f2e839c84c0be7ebb7aaeb95e02aee157e5b3b31", size = 1614868, upload-time = "2026-05-21T22:10:16.944Z" },
    { url = "https://files.pythonhosted.org/packages/b3/91/04576b90aa674474a6b6c38ca57741c72f60c5805442e55d74a1cab81afe/uv_build-0.11.16-py3-none-manylinux_2_28_aarch64.whl", hash = "sha256:09f99b9374a13d8ec9c48aee6177df71e578fd461cfc2fc63d6296ade8839c4d", size = 1606849, upload-time = "2026-05-21T22:10:05.826Z" },
    { url = "https://files.pythonhosted.org/packages/e6/3c/210f94824b0dad10b225f10400fb2052e3bf1b6ad577f2f6c3e83bb228e0/uv_build-0.11.16-py3-none-manylinux_2_31_riscv64.whl", hash = "sha256:8976f98f4fd257fae857669835391f9006edfbdedf787e3a4d06faf272a1ea67", size = 1576898, upload-time = "2026-05-21T22:09:52.187Z" },
    { url = "https://files.pythonhosted.org/packages/ce/c2/b7a163d5bf37f2c6e6bb966db10caad07259f8c31e97b419487e4c12e71c/uv_build-0.11.16-py3-none-musllinux_1_1_armv7l.whl", hash = "sha256:cf14ffce083557323636036757b97987b036d088b0dbbecb7672912ad869692a", size = 1510871, upload-time = "2026-05-21T22:09:48.391Z" },
    { url = "https://files.pythonhosted.org/packages/e7/c1/5fc8852b838619b04cb57da55733ffe7e66945f91344420c3b1766b32bfb/uv_build-0.11.16-py3-none-musllinux_1_1_i686.whl", hash = "sha256:a81a18816768195ba915a569b0b9df505a78ebf7c15799bda9a2bf3297a9b42e", size = 1607622, upload-time = "2026-05-21T22:10:10.564Z" },
    { url = "https://files.pythonhosted.org/packages/9b/9e/424f04d8c99e58bb526fa40f6f58c9b7a9ccac128179790790a5a3adc3c1/uv_build-0.11.16-py3-none-musllinux_1_1_riscv64.whl", hash = "sha256:92a9ba2e87f6a0ca4a8ed0f7401fb145603f81e4fc77e0633e2b8792f396ac2d", size = 1599675, upload-time = "2026-05-21T22:10:18.491Z" },
    { url = "https://files.pythonhosted.org/packages/37/21/69801cb24f757526a5b4a4a1ed8c4e1bfdcbdcdfcb8dd030c50211e79eb6/uv_build-0.11.16-py3-none-musllinux_1_1_x86_64.whl", hash = "sha256:c9321bf0a2b0886b534cd02009a980dae4be57c87b2d8d8236c7bcd4059d34f7", size = 1674227, upload-time = "2026-05-21T22:09:53.965Z" },
    { url = "https://files.pythonhosted.org/packages/6a/29/b6ae9f3f534ea064c543957582a5949bde8e870bc81e77bd7dea0348b7b0/uv_build-0.11.16-py3-none-win32.whl", hash = "sha256:42a7a8fe6d782f4d75f31c9f7e14264d434526241c62e6b1802b58873087019e", size = 1456972, upload-time = "2026-05-21T22:09:55.31Z" },
    { url = "https://files.pythonhosted.org/packages/dc/00/5daf6647e3a52c83bbd1513a420c0090783d6c8240108e05c906df8c2639/uv_build-0.11.16-py3-none-win_amd64.whl", hash = "sha256:64bce6641224abda3f2993155b559b398b62d22e1881f41d834875e68ee0165c", size = 1526565, upload-time = "2026-05-21T22:10:12.239Z" },
    { url = "https://files.pythonhosted.org/packages/26/39/dfc4e557708bb949408b38e3b9ef5b5576bbfe1e8f1ec6b5cc0f50b7e2ed/uv_build-0.11.16-py3-none-win_arm64.whl", hash = "sha256:ecd55416310c266d4626f52d8d85e0d03ddef08a136dae9eba4f520e2dbb4747", size = 1443100, upload-time = "2026-05-21T22:10:00.04Z" },
]
